# This file is autogenerated, do not edit; changes may be undone by the next 'dep ensure'.


[[projects]]
  digest = "1:f2aa950b9738feb15ce4a6958f899969fc0908c9c6f9fad97fb4fb6bdd0f98ff"
  name = "github.com/OneOfOne/xxhash"
  packages = ["."]
  pruneopts = "UT"
  revision = "c1e3185f167680b62832a0a11938a04b1ab265fc"
  version = "v1.2.5"

[[projects]]
  digest = "1:a2682518d905d662d984ef9959984ef87cecb777d379bfa9d9fe40e78069b3e4"
  name = "github.com/PuerkitoBio/purell"
  packages = ["."]
  pruneopts = "UT"
  revision = "44968752391892e1b0d0b821ee79e9a85fa13049"
  version = "v1.1.1"

[[projects]]
  branch = "master"
  digest = "1:c739832d67eb1e9cc478a19cc1a1ccd78df0397bf8a32978b759152e205f644b"
  name = "github.com/PuerkitoBio/urlesc"
  packages = ["."]
  pruneopts = "UT"
  revision = "de5bf2ad457846296e2031421a34e2568e304e35"

[[projects]]
  digest = "1:320e7ead93de9fd2b0e59b50fd92a4d50c1f8ab455d96bc2eb083267453a9709"
  name = "github.com/asaskevich/govalidator"
  packages = ["."]
  pruneopts = "UT"
  revision = "ccb8e960c48f04d6935e72476ae4a51028f9e22f"
  version = "v9"

[[projects]]
  digest = "1:ffe9824d294da03b391f44e1ae8281281b4afc1bdaa9588c9097785e3af10cec"
  name = "github.com/davecgh/go-spew"
  packages = ["spew"]
  pruneopts = "UT"
  revision = "8991bc29aa16c548c550c7ff78260e27b9ab7c73"
  version = "v1.1.1"

[[projects]]
  digest = "1:2cd7915ab26ede7d95b8749e6b1f933f1c6d5398030684e6505940a10f31cfda"
  name = "github.com/ghodss/yaml"
  packages = ["."]
  pruneopts = "UT"
  revision = "0ca9ea5df5451ffdf184b4428c902747c2c11cd7"
  version = "v1.0.0"

[[projects]]
  digest = "1:87082ea822adf4db51d1bec2a92c9fe0a38b56729bbcd7d036a36848a9bb2b97"
  name = "github.com/go-openapi/analysis"
  packages = [
    ".",
    "internal",
  ]
  pruneopts = "UT"
  revision = "48f4521ad6c3df9d6192efb04287c4a411e1f806"
  version = "v0.19.4"

[[projects]]
  digest = "1:3bca1e4623bc7e1f9849a14fe730c093953727991f0592be3dad0168cb67758e"
  name = "github.com/go-openapi/errors"
  packages = ["."]
  pruneopts = "UT"
  revision = "0b2a0a1f89aa2eec2d13e03cd80ab0fdaf01f8ce"
  version = "v0.19.2"

[[projects]]
  digest = "1:3199d542cd80a8505e4cd90bb6c7d0bca8a67948834239053c78f9e20b8caa5f"
  name = "github.com/go-openapi/jsonpointer"
  packages = ["."]
  pruneopts = "UT"
  revision = "a105a905c5e6ad147f08504784917f3e178e0ba5"
  version = "v0.19.2"

[[projects]]
  digest = "1:8b54a5c13b78b966644a9887433794034c14993a89ac93d532c587fc22d7f6bf"
  name = "github.com/go-openapi/jsonreference"
  packages = ["."]
  pruneopts = "UT"
  revision = "2903bfd4bfbaf188694f1edf731f2725a8fa344f"
  version = "v0.19.2"

[[projects]]
  digest = "1:cdace6771905e7cd0656263b5132f012a668c5bf937a6bdabf4c37bc8ed3addf"
  name = "github.com/go-openapi/loads"
  packages = ["."]
  pruneopts = "UT"
  revision = "8548893a17237be4a5b2f74773f23002f4179bbe"
  version = "v0.19.2"

[[projects]]
  digest = "1:edaacbb772017f720456ad039f2174a459cac4774573a07dbce9182c85f1279a"
  name = "github.com/go-openapi/runtime"
  packages = ["."]
  pruneopts = "UT"
  revision = "58872d9a7ca5f28beff9effa19ac4c17d3e42cd3"
  version = "v0.19.3"

[[projects]]
  digest = "1:b1f97d0d316f90c2059f7bfee14855c314d65834a3b93f02856e01c1fb8fbebe"
  name = "github.com/go-openapi/spec"
  packages = ["."]
  pruneopts = "UT"
  revision = "bdfd7e07daecc404d77868a88b2364d0aed0ee5a"
  version = "v0.19.2"

[[projects]]
  digest = "1:60e14b70fbc3b2814e48562179462d7f633fc8733b6ee8e57f576801cd863f57"
  name = "github.com/go-openapi/strfmt"
  packages = ["."]
  pruneopts = "UT"
  revision = "432db8fbcb18bf11f72ca9538e07943e45be4d9f"
  version = "v0.19.2"

[[projects]]
  digest = "1:2de91ae845491f7158c1644a1183d2bbcc5a7bd668768b60a91519f848603dad"
  name = "github.com/go-openapi/swag"
  packages = ["."]
  pruneopts = "UT"
  revision = "de649ffb9e02183a414820c5b1b4582f7b009792"
  version = "v0.19.4"

[[projects]]
  digest = "1:9d2bd059a75e4ac3983cc93fe013dbc7f789fccb996171094279458b15329842"
  name = "github.com/go-openapi/validate"
  packages = ["."]
  pruneopts = "UT"
  revision = "6405b9095e4c96aabb45856da08a9323d50d9336"
  version = "v0.19.2"

[[projects]]
  digest = "1:586ea76dbd0374d6fb649a91d70d652b7fe0ccffb8910a77468e7702e7901f3d"
  name = "github.com/go-stack/stack"
  packages = ["."]
  pruneopts = "UT"
  revision = "2fee6af1a9795aafbe0253a0cfbdf668e1fb8a9a"
  version = "v1.8.0"

[[projects]]
  digest = "1:9ae31ce33b4bab257668963e844d98765b44160be4ee98cafc44637a213e530d"
  name = "github.com/gobwas/glob"
  packages = [
    ".",
    "compiler",
    "match",
    "syntax",
    "syntax/ast",
    "syntax/lexer",
    "util/runes",
    "util/strings",
  ]
  pruneopts = "UT"
  revision = "5ccd90ef52e1e632236f7326478d4faa74f99438"
  version = "v0.2.3"

[[projects]]
  digest = "1:4d02824a56d268f74a6b6fdd944b20b58a77c3d70e81008b3ee0c4f1a6777340"
  name = "github.com/gogo/protobuf"
  packages = [
    "proto",
    "sortkeys",
  ]
  pruneopts = "UT"
  revision = "ba06b47c162d49f2af050fb4c75bcbc86a159d5c"
  version = "v1.2.1"

[[projects]]
  branch = "master"
  digest = "1:1ba1d79f2810270045c328ae5d674321db34e3aae468eb4233883b473c5c0467"
  name = "github.com/golang/glog"
  packages = ["."]
  pruneopts = "UT"
  revision = "23def4e6c14b4da8ac2ed8007337bc5eb5007998"

[[projects]]
  digest = "1:010d46ea3c1e730897e53058d1013a963f3f987675dda87df64f891b945281db"
  name = "github.com/google/go-cmp"
  packages = [
    "cmp",
    "cmp/cmpopts",
    "cmp/internal/diff",
    "cmp/internal/flags",
    "cmp/internal/function",
    "cmp/internal/value",
  ]
  pruneopts = "UT"
  revision = "6f77996f0c42f7b84e5a2b252227263f93432e9b"
  version = "v0.3.0"

[[projects]]
  digest = "1:a6181aca1fd5e27103f9a920876f29ac72854df7345a39f3b01e61c8c94cc8af"
  name = "github.com/google/gofuzz"
  packages = ["."]
  pruneopts = "UT"
  revision = "f140a6486e521aad38f5917de355cbf147cc0496"
  version = "v1.0.0"

[[projects]]
  digest = "1:870d441fe217b8e689d7949fef6e43efbc787e50f200cb1e70dbca9204a1d6be"
  name = "github.com/inconshreveable/mousetrap"
  packages = ["."]
  pruneopts = "UT"
  revision = "76626ae9c91c4f2a10f34cad8ce83ea42c93bb75"
  version = "v1.0"

[[projects]]
  branch = "master"
  digest = "1:927762c6729b4e72957ba3310e485ed09cf8451c5a637a52fd016a9fe09e7936"
  name = "github.com/mailru/easyjson"
  packages = [
    "buffer",
    "jlexer",
    "jwriter",
  ]
  pruneopts = "UT"
  revision = "b2ccc519800e761ac8000b95e5d57c80a897ff9e"

[[projects]]
  digest = "1:53bc4cd4914cd7cd52139990d5170d6dc99067ae31c56530621b18b35fc30318"
  name = "github.com/mitchellh/mapstructure"
  packages = ["."]
  pruneopts = "UT"
  revision = "3536a929edddb9a5b34bd6861dc4a9647cb459fe"
  version = "v1.1.2"

[[projects]]
  digest = "1:99d87f3a27208d32f96334c9eee1fa366ab8c8b46d903170730300a1a689ca39"
  name = "github.com/open-policy-agent/frameworks"
  packages = [
    "constraint/pkg/apis/templates/v1alpha1",
    "constraint/pkg/apis/templates/v1beta1",
    "constraint/pkg/client",
    "constraint/pkg/client/drivers",
    "constraint/pkg/client/drivers/local",
    "constraint/pkg/client/regolib",
    "constraint/pkg/core/templates",
    "constraint/pkg/types",
  ]
  pruneopts = "UT"
  revision = "546a2d6a3811245b9c878f677ca9cd0e1adc5570"

[[projects]]
  digest = "1:3c74a03467fca23144253c9425bc38719f297315255fa75963bbc5baec7504c1"
  name = "github.com/open-policy-agent/gatekeeper"
  packages = ["pkg/target"]
  pruneopts = "UT"
  revision = "e6dab5fd85410dbb4b78a5b5aa9939049abab11b"
  version = "v3.0.4-beta.1"

[[projects]]
  digest = "1:48c902266a5892a869fe278139ec68d4015b8a65518fee82114ad52585b6ebab"
  name = "github.com/open-policy-agent/opa"
  packages = [
    "ast",
    "internal/compiler/wasm",
    "internal/compiler/wasm/opa",
    "internal/ir",
    "internal/leb128",
    "internal/planner",
    "internal/wasm/constant",
    "internal/wasm/encoding",
    "internal/wasm/instruction",
    "internal/wasm/module",
    "internal/wasm/opcode",
    "internal/wasm/types",
    "metrics",
    "rego",
    "storage",
    "storage/inmem",
    "topdown",
    "topdown/builtins",
    "topdown/copypropagation",
    "types",
    "util",
  ]
  pruneopts = "UT"
  revision = "2799e14807344d4082cd75ec1e2fdf09ee9b53c5"
  version = "v0.12.1"

[[projects]]
  digest = "1:cf31692c14422fa27c83a05292eb5cbe0fb2775972e8f1f8446a71549bd8980b"
  name = "github.com/pkg/errors"
  packages = ["."]
  pruneopts = "UT"
  revision = "ba968bfe8b2f7e042a574c888954fccecfa385b4"
  version = "v0.8.1"

[[projects]]
  branch = "master"
  digest = "1:267844804416a11470a2fbf68549b98959e22d77e0921e2349276958477f08a3"
  name = "github.com/rcrowley/go-metrics"
  packages = ["."]
  pruneopts = "UT"
  revision = "9beb055b7962d16947a14e1cd718098a2431e20e"

[[projects]]
  digest = "1:e096613fb7cf34743d49af87d197663cfccd61876e2219853005a57baedfa562"
  name = "github.com/spf13/cobra"
  packages = ["."]
  pruneopts = "UT"
  revision = "f2b07da1e2c38d5f12845a4f607e2e1018cbb1f5"
  version = "v0.0.5"

[[projects]]
  digest = "1:c1b1102241e7f645bc8e0c22ae352e8f0dc6484b6cb4d132fa9f24174e0119e2"
  name = "github.com/spf13/pflag"
  packages = ["."]
  pruneopts = "UT"
  revision = "298182f68c66c05229eb03ac171abe6e309ee79a"
  version = "v1.0.3"

[[projects]]
  branch = "master"
  digest = "1:bc2a31092538ed0bdfe9c5c784d6caca3ea5236b690371698826753d2ffa6beb"
  name = "github.com/yashtewari/glob-intersection"
  packages = ["."]
  pruneopts = "UT"
  revision = "5c77d914dd0ba7bedca923f97232d37137e038f3"

[[projects]]
  digest = "1:549a140c6c3742fe0df432e860fbf636f71d7589ba1e75acdc33a36346010ddc"
  name = "go.mongodb.org/mongo-driver"
  packages = [
    "bson",
    "bson/bsoncodec",
    "bson/bsonrw",
    "bson/bsontype",
    "bson/primitive",
    "x/bsonx/bsoncore",
  ]
  pruneopts = "UT"
  revision = "0d1270edf53072da4da781b76d2e1db58831152f"
  version = "v1.0.4"

[[projects]]
  branch = "master"
  digest = "1:16606595d5eea9ec1e11cb3d8230a0089cd3545197e62fe2d3cbf906b8c4402b"
  name = "golang.org/x/net"
  packages = [
    "http/httpguts",
    "http2",
    "http2/hpack",
    "idna",
  ]
  pruneopts = "UT"
  revision = "ca1201d0de80cfde86cb01aea620983605dfe99b"

[[projects]]
  digest = "1:66a2f252a58b4fbbad0e4e180e1d85a83c222b6bce09c3dcdef3dc87c72eda7c"
  name = "golang.org/x/text"
  packages = [
    "collate",
    "collate/build",
    "internal/colltab",
    "internal/gen",
    "internal/language",
    "internal/language/compact",
    "internal/tag",
    "internal/triegen",
    "internal/ucd",
    "language",
    "secure/bidirule",
    "transform",
    "unicode/bidi",
    "unicode/cldr",
    "unicode/norm",
    "unicode/rangetable",
    "width",
  ]
  pruneopts = "UT"
  revision = "342b2e1fbaa52c93f31447ad2c6abc048c63e475"
  version = "v0.3.2"

[[projects]]
  digest = "1:2d1fbdc6777e5408cabeb02bf336305e724b925ff4546ded0fa8715a7267922a"
  name = "gopkg.in/inf.v0"
  packages = ["."]
  pruneopts = "UT"
  revision = "d2d2541c53f18d2a059457998ce2876cc8e67cbf"
  version = "v0.9.1"

[[projects]]
  digest = "1:4d2e5a73dc1500038e504a8d78b986630e3626dc027bc030ba5c75da257cdb96"
  name = "gopkg.in/yaml.v2"
  packages = ["."]
  pruneopts = "UT"
  revision = "51d6538a90f86fe93ac480b35f37b2be17fef232"
  version = "v2.2.2"

[[projects]]
  digest = "1:4a4ed1838032dc11e6836218f6bf14dc0d2b4eba86aa9b03de16574565839a1c"
  name = "k8s.io/api"
  packages = [
    "admission/v1beta1",
    "authentication/v1",
    "core/v1",
  ]
  pruneopts = "UT"
  revision = "b503174bad5991eb66f18247f52e41c3258f6348"
  version = "kubernetes-1.12.3"

[[projects]]
  digest = "1:62306c0363871f3f61407cb8714465e310340cb532aab70e0bf4ae5f13d1abe4"
  name = "k8s.io/apiextensions-apiserver"
  packages = [
    "pkg/apis/apiextensions",
    "pkg/apis/apiextensions/v1beta1",
    "pkg/apis/apiextensions/validation",
    "pkg/apiserver/validation",
    "pkg/features",
  ]
  pruneopts = "UT"
  revision = "0cd23ebeb6882bd1cdc2cb15fc7b2d72e8a86a5b"
  version = "kubernetes-1.12.3"

[[projects]]
  digest = "1:101212e27764458ddbb7f24425ffa5bf10d704ce4f58447b7d97575205ae5bd5"
  name = "k8s.io/apimachinery"
  packages = [
    "pkg/api/equality",
    "pkg/api/meta",
    "pkg/api/resource",
    "pkg/api/validation",
    "pkg/apis/meta/v1",
    "pkg/apis/meta/v1/unstructured",
    "pkg/apis/meta/v1/validation",
    "pkg/apis/meta/v1beta1",
    "pkg/conversion",
    "pkg/conversion/queryparams",
    "pkg/fields",
    "pkg/labels",
    "pkg/runtime",
    "pkg/runtime/schema",
    "pkg/selection",
    "pkg/types",
    "pkg/util/errors",
    "pkg/util/intstr",
    "pkg/util/json",
    "pkg/util/naming",
    "pkg/util/net",
    "pkg/util/runtime",
    "pkg/util/sets",
    "pkg/util/validation",
    "pkg/util/validation/field",
    "pkg/watch",
    "third_party/forked/golang/reflect",
  ]
  pruneopts = "UT"
  revision = "eddba98df674a16931d2d4ba75edc3a389bf633a"
  version = "kubernetes-1.12.3"

[[projects]]
  digest = "1:803a79a066abaeb85793b0ef857b2c73b9c5ad17a2aa1d95403d31a782f34d34"
  name = "k8s.io/apiserver"
  packages = ["pkg/util/feature"]
  pruneopts = "UT"
  revision = "92fdef3a232a23afb9644f6151119b5961b9feab"
  version = "kubernetes-1.12.3"

[[projects]]
  digest = "1:84a8609383bec11b71d52dd813f33f1d16614b91966940bdc2aa79bea864fa25"
  name = "sigs.k8s.io/controller-runtime"
  packages = ["pkg/runtime/scheme"]
  pruneopts = "UT"
  revision = "f6f0bc9611363b43664d08fb097ab13243ef621d"
  version = "v0.1.9"

[solve-meta]
  analyzer-name = "dep"
  analyzer-version = 1
  input-imports = [
    "github.com/google/go-cmp/cmp",
    "github.com/google/go-cmp/cmp/cmpopts",
    "github.com/open-policy-agent/frameworks/constraint/pkg/apis/templates/v1beta1",
    "github.com/open-policy-agent/frameworks/constraint/pkg/client",
    "github.com/open-policy-agent/frameworks/constraint/pkg/client/drivers/local",
    "github.com/open-policy-agent/frameworks/constraint/pkg/core/templates",
    "github.com/open-policy-agent/gatekeeper/pkg/target",
    "github.com/pkg/errors",
    "github.com/spf13/cobra",
    "gopkg.in/yaml.v2",
    "k8s.io/api/core/v1",
    "k8s.io/apimachinery/pkg/apis/meta/v1",
    "k8s.io/apimachinery/pkg/apis/meta/v1/unstructured",
    "k8s.io/apimachinery/pkg/runtime",
    "k8s.io/apimachinery/pkg/runtime/schema",
  ]
  solver-name = "gps-cdcl"
  solver-version = 1
